
Microsoft Visual Studio Solution File, Format Version 12.00
# Visual Studio Version 17
VisualStudioVersion = 17.7.34003.232
MinimumVisualStudioVersion = 10.0.40219.1
Project("{8BC9CEB8-8B4A-11D0-8D11-00A0C91BC942}") = "bj4179", "bj4179\bj4179.vcxproj", "{7AA8AC4B-1AEE-4BC2-B559-674038005BD5}"
EndProject
Global
	GlobalSection(SolutionConfigurationPlatforms) = preSolution
		Debug|x64 = Debug|x64
		Debug|x86 = Debug|x86
		Release|x64 = Release|x64
		Release|x86 = Release|x86
	EndGlobalSection
	GlobalSection(ProjectConfigurationPlatforms) = postSolution
		{7AA8AC4B-1AEE-4BC2-B559-674038005BD5}.Debug|x64.ActiveCfg = Debug|x64
		{7AA8AC4B-1AEE-4BC2-B559-674038005BD5}.Debug|x64.Build.0 = Debug|x64
		{7AA8AC4B-1AEE-4BC2-B559-674038005BD5}.Debug|x86.ActiveCfg = Debug|Win32
		{7AA8AC4B-1AEE-4BC2-B559-674038005BD5}.Debug|x86.Build.0 = Debug|Win32
		{7AA8AC4B-1AEE-4BC2-B559-674038005BD5}.Release|x64.ActiveCfg = Release|x64
		{7AA8AC4B-1AEE-4BC2-B559-674038005BD5}.Release|x64.Build.0 = Release|x64
		{7AA8AC4B-1AEE-4BC2-B559-674038005BD5}.Release|x86.ActiveCfg = Release|Win32
		{7AA8AC4B-1AEE-4BC2-B559-674038005BD5}.Release|x86.Build.0 = Release|Win32
	EndGlobalSection
	GlobalSection(SolutionProperties) = preSolution
		HideSolutionNode = FALSE
	EndGlobalSection
	GlobalSection(ExtensibilityGlobals) = postSolution
		SolutionGuid = {6C5E8608-F35D-4074-8C4B-2B1944CD77D8}
	EndGlobalSection
EndGlobal
