
Microsoft Visual Studio Solution File, Format Version 12.00
# Visual Studio Version 16
VisualStudioVersion = 16.0.32630.194
MinimumVisualStudioVersion = 10.0.40219.1
Project("{FAE04EC0-301F-11D3-BF4B-00C04F79EFBC}") = "BJ11399", "BJ11399\BJ11399.csproj", "{C6DF0CC9-AC0F-4DC8-A278-EB23BF845C4E}"
EndProject
Global
	GlobalSection(SolutionConfigurationPlatforms) = preSolution
		Debug|Any CPU = Debug|Any CPU
		Release|Any CPU = Release|Any CPU
	EndGlobalSection
	GlobalSection(ProjectConfigurationPlatforms) = postSolution
		{C6DF0CC9-AC0F-4DC8-A278-EB23BF845C4E}.Debug|Any CPU.ActiveCfg = Debug|Any CPU
		{C6DF0CC9-AC0F-4DC8-A278-EB23BF845C4E}.Debug|Any CPU.Build.0 = Debug|Any CPU
		{C6DF0CC9-AC0F-4DC8-A278-EB23BF845C4E}.Release|Any CPU.ActiveCfg = Release|Any CPU
		{C6DF0CC9-AC0F-4DC8-A278-EB23BF845C4E}.Release|Any CPU.Build.0 = Release|Any CPU
	EndGlobalSection
	GlobalSection(SolutionProperties) = preSolution
		HideSolutionNode = FALSE
	EndGlobalSection
	GlobalSection(ExtensibilityGlobals) = postSolution
		SolutionGuid = {71737B11-B876-469A-81DD-2680F6BF25FC}
	EndGlobalSection
EndGlobal
