
Microsoft Visual Studio Solution File, Format Version 12.00
# Visual Studio Version 16
VisualStudioVersion = 16.0.32630.194
MinimumVisualStudioVersion = 10.0.40219.1
Project("{FAE04EC0-301F-11D3-BF4B-00C04F79EFBC}") = "BJ1032", "BJ1032\BJ1032.csproj", "{327D1E0C-E98F-41F9-8725-3185185604B4}"
EndProject
Global
	GlobalSection(SolutionConfigurationPlatforms) = preSolution
		Debug|Any CPU = Debug|Any CPU
		Release|Any CPU = Release|Any CPU
	EndGlobalSection
	GlobalSection(ProjectConfigurationPlatforms) = postSolution
		{327D1E0C-E98F-41F9-8725-3185185604B4}.Debug|Any CPU.ActiveCfg = Debug|Any CPU
		{327D1E0C-E98F-41F9-8725-3185185604B4}.Debug|Any CPU.Build.0 = Debug|Any CPU
		{327D1E0C-E98F-41F9-8725-3185185604B4}.Release|Any CPU.ActiveCfg = Release|Any CPU
		{327D1E0C-E98F-41F9-8725-3185185604B4}.Release|Any CPU.Build.0 = Release|Any CPU
	EndGlobalSection
	GlobalSection(SolutionProperties) = preSolution
		HideSolutionNode = FALSE
	EndGlobalSection
	GlobalSection(ExtensibilityGlobals) = postSolution
		SolutionGuid = {53E3D920-7315-4554-99D0-B71CF282413A}
	EndGlobalSection
EndGlobal
