
Microsoft Visual Studio Solution File, Format Version 12.00
# Visual Studio Version 16
VisualStudioVersion = 16.0.32630.194
MinimumVisualStudioVersion = 10.0.40219.1
Project("{FAE04EC0-301F-11D3-BF4B-00C04F79EFBC}") = "BJ10817", "BJ10817\BJ10817.csproj", "{08A9FAED-906B-4DFB-8371-B2E934B62FF8}"
EndProject
Global
	GlobalSection(SolutionConfigurationPlatforms) = preSolution
		Debug|Any CPU = Debug|Any CPU
		Release|Any CPU = Release|Any CPU
	EndGlobalSection
	GlobalSection(ProjectConfigurationPlatforms) = postSolution
		{08A9FAED-906B-4DFB-8371-B2E934B62FF8}.Debug|Any CPU.ActiveCfg = Debug|Any CPU
		{08A9FAED-906B-4DFB-8371-B2E934B62FF8}.Debug|Any CPU.Build.0 = Debug|Any CPU
		{08A9FAED-906B-4DFB-8371-B2E934B62FF8}.Release|Any CPU.ActiveCfg = Release|Any CPU
		{08A9FAED-906B-4DFB-8371-B2E934B62FF8}.Release|Any CPU.Build.0 = Release|Any CPU
	EndGlobalSection
	GlobalSection(SolutionProperties) = preSolution
		HideSolutionNode = FALSE
	EndGlobalSection
	GlobalSection(ExtensibilityGlobals) = postSolution
		SolutionGuid = {A41831F7-50D6-457D-B71E-58C4B8EAD792}
	EndGlobalSection
EndGlobal
