
Microsoft Visual Studio Solution File, Format Version 12.00
# Visual Studio Version 16
VisualStudioVersion = 16.0.32630.194
MinimumVisualStudioVersion = 10.0.40219.1
Project("{FAE04EC0-301F-11D3-BF4B-00C04F79EFBC}") = "BJ1085", "BJ1085\BJ1085.csproj", "{90A9DF9F-C2D6-4674-93BC-B90FECB49926}"
EndProject
Global
	GlobalSection(SolutionConfigurationPlatforms) = preSolution
		Debug|Any CPU = Debug|Any CPU
		Release|Any CPU = Release|Any CPU
	EndGlobalSection
	GlobalSection(ProjectConfigurationPlatforms) = postSolution
		{90A9DF9F-C2D6-4674-93BC-B90FECB49926}.Debug|Any CPU.ActiveCfg = Debug|Any CPU
		{90A9DF9F-C2D6-4674-93BC-B90FECB49926}.Debug|Any CPU.Build.0 = Debug|Any CPU
		{90A9DF9F-C2D6-4674-93BC-B90FECB49926}.Release|Any CPU.ActiveCfg = Release|Any CPU
		{90A9DF9F-C2D6-4674-93BC-B90FECB49926}.Release|Any CPU.Build.0 = Release|Any CPU
	EndGlobalSection
	GlobalSection(SolutionProperties) = preSolution
		HideSolutionNode = FALSE
	EndGlobalSection
	GlobalSection(ExtensibilityGlobals) = postSolution
		SolutionGuid = {612EB378-3C23-4212-84C6-762A6B473762}
	EndGlobalSection
EndGlobal
