
Microsoft Visual Studio Solution File, Format Version 12.00
# Visual Studio Version 16
VisualStudioVersion = 16.0.32630.194
MinimumVisualStudioVersion = 10.0.40219.1
Project("{FAE04EC0-301F-11D3-BF4B-00C04F79EFBC}") = "BJ1546", "BJ1546\BJ1546.csproj", "{36EB05C0-EAA5-4E9E-8DB6-BBDD882E2551}"
EndProject
Global
	GlobalSection(SolutionConfigurationPlatforms) = preSolution
		Debug|Any CPU = Debug|Any CPU
		Release|Any CPU = Release|Any CPU
	EndGlobalSection
	GlobalSection(ProjectConfigurationPlatforms) = postSolution
		{36EB05C0-EAA5-4E9E-8DB6-BBDD882E2551}.Debug|Any CPU.ActiveCfg = Debug|Any CPU
		{36EB05C0-EAA5-4E9E-8DB6-BBDD882E2551}.Debug|Any CPU.Build.0 = Debug|Any CPU
		{36EB05C0-EAA5-4E9E-8DB6-BBDD882E2551}.Release|Any CPU.ActiveCfg = Release|Any CPU
		{36EB05C0-EAA5-4E9E-8DB6-BBDD882E2551}.Release|Any CPU.Build.0 = Release|Any CPU
	EndGlobalSection
	GlobalSection(SolutionProperties) = preSolution
		HideSolutionNode = FALSE
	EndGlobalSection
	GlobalSection(ExtensibilityGlobals) = postSolution
		SolutionGuid = {16EFC422-36DD-4A2A-9EF9-0CDF6380FE7E}
	EndGlobalSection
EndGlobal
