
Microsoft Visual Studio Solution File, Format Version 12.00
# Visual Studio Version 16
VisualStudioVersion = 16.0.32630.194
MinimumVisualStudioVersion = 10.0.40219.1
Project("{FAE04EC0-301F-11D3-BF4B-00C04F79EFBC}") = "Bj3052", "Bj3052\Bj3052.csproj", "{AE2E7304-60C4-4DAB-A4D7-5D8FCABADDF1}"
EndProject
Global
	GlobalSection(SolutionConfigurationPlatforms) = preSolution
		Debug|Any CPU = Debug|Any CPU
		Release|Any CPU = Release|Any CPU
	EndGlobalSection
	GlobalSection(ProjectConfigurationPlatforms) = postSolution
		{AE2E7304-60C4-4DAB-A4D7-5D8FCABADDF1}.Debug|Any CPU.ActiveCfg = Debug|Any CPU
		{AE2E7304-60C4-4DAB-A4D7-5D8FCABADDF1}.Debug|Any CPU.Build.0 = Debug|Any CPU
		{AE2E7304-60C4-4DAB-A4D7-5D8FCABADDF1}.Release|Any CPU.ActiveCfg = Release|Any CPU
		{AE2E7304-60C4-4DAB-A4D7-5D8FCABADDF1}.Release|Any CPU.Build.0 = Release|Any CPU
	EndGlobalSection
	GlobalSection(SolutionProperties) = preSolution
		HideSolutionNode = FALSE
	EndGlobalSection
	GlobalSection(ExtensibilityGlobals) = postSolution
		SolutionGuid = {FA497381-8DEE-4122-B1B4-2E50C8813788}
	EndGlobalSection
EndGlobal
