
Microsoft Visual Studio Solution File, Format Version 12.00
# Visual Studio Version 16
VisualStudioVersion = 16.0.32630.194
MinimumVisualStudioVersion = 10.0.40219.1
Project("{FAE04EC0-301F-11D3-BF4B-00C04F79EFBC}") = "BJ1541", "BJ1541\BJ1541.csproj", "{98559727-9C80-4EBA-98E7-89C12168DAC8}"
EndProject
Global
	GlobalSection(SolutionConfigurationPlatforms) = preSolution
		Debug|Any CPU = Debug|Any CPU
		Release|Any CPU = Release|Any CPU
	EndGlobalSection
	GlobalSection(ProjectConfigurationPlatforms) = postSolution
		{98559727-9C80-4EBA-98E7-89C12168DAC8}.Debug|Any CPU.ActiveCfg = Debug|Any CPU
		{98559727-9C80-4EBA-98E7-89C12168DAC8}.Debug|Any CPU.Build.0 = Debug|Any CPU
		{98559727-9C80-4EBA-98E7-89C12168DAC8}.Release|Any CPU.ActiveCfg = Release|Any CPU
		{98559727-9C80-4EBA-98E7-89C12168DAC8}.Release|Any CPU.Build.0 = Release|Any CPU
	EndGlobalSection
	GlobalSection(SolutionProperties) = preSolution
		HideSolutionNode = FALSE
	EndGlobalSection
	GlobalSection(ExtensibilityGlobals) = postSolution
		SolutionGuid = {14A1371D-85E5-4670-A4D2-6C7FB6855001}
	EndGlobalSection
EndGlobal
