
Microsoft Visual Studio Solution File, Format Version 12.00
# Visual Studio Version 16
VisualStudioVersion = 16.0.32630.194
MinimumVisualStudioVersion = 10.0.40219.1
Project("{FAE04EC0-301F-11D3-BF4B-00C04F79EFBC}") = "BJ20944", "BJ20944\BJ20944.csproj", "{AAB80DA9-CDD8-4DE1-884A-0857CC9FC809}"
EndProject
Global
	GlobalSection(SolutionConfigurationPlatforms) = preSolution
		Debug|Any CPU = Debug|Any CPU
		Release|Any CPU = Release|Any CPU
	EndGlobalSection
	GlobalSection(ProjectConfigurationPlatforms) = postSolution
		{AAB80DA9-CDD8-4DE1-884A-0857CC9FC809}.Debug|Any CPU.ActiveCfg = Debug|Any CPU
		{AAB80DA9-CDD8-4DE1-884A-0857CC9FC809}.Debug|Any CPU.Build.0 = Debug|Any CPU
		{AAB80DA9-CDD8-4DE1-884A-0857CC9FC809}.Release|Any CPU.ActiveCfg = Release|Any CPU
		{AAB80DA9-CDD8-4DE1-884A-0857CC9FC809}.Release|Any CPU.Build.0 = Release|Any CPU
	EndGlobalSection
	GlobalSection(SolutionProperties) = preSolution
		HideSolutionNode = FALSE
	EndGlobalSection
	GlobalSection(ExtensibilityGlobals) = postSolution
		SolutionGuid = {3E71FF96-1285-45CF-91FB-6F18FB66643E}
	EndGlobalSection
EndGlobal
