
Microsoft Visual Studio Solution File, Format Version 12.00
# Visual Studio Version 16
VisualStudioVersion = 16.0.32630.194
MinimumVisualStudioVersion = 10.0.40219.1
Project("{FAE04EC0-301F-11D3-BF4B-00C04F79EFBC}") = "BJ11653", "BJ11653\BJ11653.csproj", "{891AB5FA-DA3D-44C2-A187-7E9F926E9C0F}"
EndProject
Global
	GlobalSection(SolutionConfigurationPlatforms) = preSolution
		Debug|Any CPU = Debug|Any CPU
		Release|Any CPU = Release|Any CPU
	EndGlobalSection
	GlobalSection(ProjectConfigurationPlatforms) = postSolution
		{891AB5FA-DA3D-44C2-A187-7E9F926E9C0F}.Debug|Any CPU.ActiveCfg = Debug|Any CPU
		{891AB5FA-DA3D-44C2-A187-7E9F926E9C0F}.Debug|Any CPU.Build.0 = Debug|Any CPU
		{891AB5FA-DA3D-44C2-A187-7E9F926E9C0F}.Release|Any CPU.ActiveCfg = Release|Any CPU
		{891AB5FA-DA3D-44C2-A187-7E9F926E9C0F}.Release|Any CPU.Build.0 = Release|Any CPU
	EndGlobalSection
	GlobalSection(SolutionProperties) = preSolution
		HideSolutionNode = FALSE
	EndGlobalSection
	GlobalSection(ExtensibilityGlobals) = postSolution
		SolutionGuid = {0DC6A5C4-B704-422D-ABA2-0690A54B2723}
	EndGlobalSection
EndGlobal
