
Microsoft Visual Studio Solution File, Format Version 12.00
# Visual Studio Version 16
VisualStudioVersion = 16.0.32630.194
MinimumVisualStudioVersion = 10.0.40219.1
Project("{FAE04EC0-301F-11D3-BF4B-00C04F79EFBC}") = "BJ2750", "BJ2750\BJ2750.csproj", "{B8998794-88B7-44B4-8A85-B70F8657AF9E}"
EndProject
Global
	GlobalSection(SolutionConfigurationPlatforms) = preSolution
		Debug|Any CPU = Debug|Any CPU
		Release|Any CPU = Release|Any CPU
	EndGlobalSection
	GlobalSection(ProjectConfigurationPlatforms) = postSolution
		{B8998794-88B7-44B4-8A85-B70F8657AF9E}.Debug|Any CPU.ActiveCfg = Debug|Any CPU
		{B8998794-88B7-44B4-8A85-B70F8657AF9E}.Debug|Any CPU.Build.0 = Debug|Any CPU
		{B8998794-88B7-44B4-8A85-B70F8657AF9E}.Release|Any CPU.ActiveCfg = Release|Any CPU
		{B8998794-88B7-44B4-8A85-B70F8657AF9E}.Release|Any CPU.Build.0 = Release|Any CPU
	EndGlobalSection
	GlobalSection(SolutionProperties) = preSolution
		HideSolutionNode = FALSE
	EndGlobalSection
	GlobalSection(ExtensibilityGlobals) = postSolution
		SolutionGuid = {7BF23610-79AC-4132-A0C3-839E34BC837E}
	EndGlobalSection
EndGlobal
