
Microsoft Visual Studio Solution File, Format Version 12.00
# Visual Studio Version 16
VisualStudioVersion = 16.0.32630.194
MinimumVisualStudioVersion = 10.0.40219.1
Project("{FAE04EC0-301F-11D3-BF4B-00C04F79EFBC}") = "BJ2525", "BJ2525\BJ2525.csproj", "{0B35AF91-4540-4225-9188-C4EA4624EAA5}"
EndProject
Global
	GlobalSection(SolutionConfigurationPlatforms) = preSolution
		Debug|Any CPU = Debug|Any CPU
		Release|Any CPU = Release|Any CPU
	EndGlobalSection
	GlobalSection(ProjectConfigurationPlatforms) = postSolution
		{0B35AF91-4540-4225-9188-C4EA4624EAA5}.Debug|Any CPU.ActiveCfg = Debug|Any CPU
		{0B35AF91-4540-4225-9188-C4EA4624EAA5}.Debug|Any CPU.Build.0 = Debug|Any CPU
		{0B35AF91-4540-4225-9188-C4EA4624EAA5}.Release|Any CPU.ActiveCfg = Release|Any CPU
		{0B35AF91-4540-4225-9188-C4EA4624EAA5}.Release|Any CPU.Build.0 = Release|Any CPU
	EndGlobalSection
	GlobalSection(SolutionProperties) = preSolution
		HideSolutionNode = FALSE
	EndGlobalSection
	GlobalSection(ExtensibilityGlobals) = postSolution
		SolutionGuid = {DA1CBC0B-1A05-48EF-96D2-0E842BF1C5F2}
	EndGlobalSection
EndGlobal
